<?xml version="1.0" encoding="utf-8"?>
<Project ToolsVersion="4.0" xmlns="http://schemas.microsoft.com/developer/msbuild/2003">
  <ItemGroup>
    <ClCompile Include="Board\stm32746g_discovery.c" />
    <ClCompile Include="Display\ft5336.c" />
    <ClCompile Include="Display\stm32746g_discovery_ts.c" />
    <ClCompile Include="FileSystem\diskio.c" />
    <ClCompile Include="FileSystem\ff.c" />
    <ClCompile Include="FileSystem\ff_cs_helper.c" />
    <ClCompile Include="FileSystem\ff_gen_drv.c" />
    <ClCompile Include="FileSystem\sd_diskio.c" />
    <ClCompile Include="FileSystem\stm32746g_discovery_sd.c" />
    <ClCompile Include="Memory\stm32746g_discovery_sdram.c" />
    <ClCompile Include="InteropExports_adc.cpp" />
    <ClCompile Include="InteropExports_clock.cpp" />
    <ClCompile Include="InteropExports_core.cpp" />
    <ClCompile Include="InteropExports_debug.cpp" />
    <ClCompile Include="InteropExports_gpio.cpp" />
    <ClCompile Include="InteropExports_i2c.cpp" />
    <ClCompile Include="InteropExports_mem.cpp" />
    <ClCompile Include="InteropExports_nvic.cpp" />
    <ClCompile Include="InteropExports_serial.cpp" />
    <ClCompile Include="InteropExports_spi.cpp" />
    <ClCompile Include="InteropExports_system_timer.cpp" />
    <ClCompile Include="InteropExports_systick.cpp" />
    <ClCompile Include="InteropExports_threading.cpp" />
    <ClCompile Include="Display\InteropExports_lcd.cpp" />
  </ItemGroup>
  <ItemGroup>
    <ClInclude Include="Board\stm32746g_discovery.h" />
    <ClInclude Include="Display\ft5336.h" />
    <ClInclude Include="Display\stm32746g_discovery_ts.h" />
    <ClInclude Include="Display\ts.h" />
    <ClInclude Include="FileSystem\diskio.h" />
    <ClInclude Include="FileSystem\ff.h" />
    <ClInclude Include="FileSystem\ff_gen_drv.h" />
    <ClInclude Include="FileSystem\ffconf.h" />
    <ClInclude Include="FileSystem\ffconf_template.h" />
    <ClInclude Include="FileSystem\integer.h" />
    <ClInclude Include="FileSystem\sd_diskio.h" />
    <ClInclude Include="FileSystem\stm32746g_discovery_sd.h" />
    <ClInclude Include="Memory\stm32746g_discovery_sdram.h" />
    <ClInclude Include="helpers.h" />
  </ItemGroup>
</Project>